
Microsoft Visual Studio Solution File, Format Version 12.00
# Visual Studio Version 17
VisualStudioVersion = 17.3.32811.315
MinimumVisualStudioVersion = 10.0.40219.1
Project("{9A19103F-16F7-4668-BE54-9A1E7A4F7556}") = "DataSurgery", "DataSurgery.csproj", "{53B71443-5A47-4863-9BDF-824650C2312C}"
EndProject
Project("{9A19103F-16F7-4668-BE54-9A1E7A4F7556}") = "Core", "Core\Core.csproj", "{6EF45C75-9158-46DC-A907-B8AF3C4ACDD3}"
EndProject
Project("{9A19103F-16F7-4668-BE54-9A1E7A4F7556}") = "Encryption", "..\Encryption\Encryption.csproj", "{3C16A589-DF98-4AF6-8D1C-738D96124CDA}"
EndProject
Project("{FAE04EC0-301F-11D3-BF4B-00C04F79EFBC}") = "Presentation", "Presentation\Presentation.csproj", "{13793EE4-C7A6-4C8D-A6B7-6953681305BF}"
EndProject
Global
	GlobalSection(SolutionConfigurationPlatforms) = preSolution
		Debug|Any CPU = Debug|Any CPU
		Release|Any CPU = Release|Any CPU
	EndGlobalSection
	GlobalSection(ProjectConfigurationPlatforms) = postSolution
		{53B71443-5A47-4863-9BDF-824650C2312C}.Debug|Any CPU.ActiveCfg = Debug|Any CPU
		{53B71443-5A47-4863-9BDF-824650C2312C}.Debug|Any CPU.Build.0 = Debug|Any CPU
		{53B71443-5A47-4863-9BDF-824650C2312C}.Release|Any CPU.ActiveCfg = Release|Any CPU
		{53B71443-5A47-4863-9BDF-824650C2312C}.Release|Any CPU.Build.0 = Release|Any CPU
		{6EF45C75-9158-46DC-A907-B8AF3C4ACDD3}.Debug|Any CPU.ActiveCfg = Debug|Any CPU
		{6EF45C75-9158-46DC-A907-B8AF3C4ACDD3}.Debug|Any CPU.Build.0 = Debug|Any CPU
		{6EF45C75-9158-46DC-A907-B8AF3C4ACDD3}.Release|Any CPU.ActiveCfg = Release|Any CPU
		{6EF45C75-9158-46DC-A907-B8AF3C4ACDD3}.Release|Any CPU.Build.0 = Release|Any CPU
		{3C16A589-DF98-4AF6-8D1C-738D96124CDA}.Debug|Any CPU.ActiveCfg = Debug|Any CPU
		{3C16A589-DF98-4AF6-8D1C-738D96124CDA}.Debug|Any CPU.Build.0 = Debug|Any CPU
		{3C16A589-DF98-4AF6-8D1C-738D96124CDA}.Release|Any CPU.ActiveCfg = Release|Any CPU
		{3C16A589-DF98-4AF6-8D1C-738D96124CDA}.Release|Any CPU.Build.0 = Release|Any CPU
		{13793EE4-C7A6-4C8D-A6B7-6953681305BF}.Debug|Any CPU.ActiveCfg = Debug|Any CPU
		{13793EE4-C7A6-4C8D-A6B7-6953681305BF}.Debug|Any CPU.Build.0 = Debug|Any CPU
		{13793EE4-C7A6-4C8D-A6B7-6953681305BF}.Release|Any CPU.ActiveCfg = Release|Any CPU
		{13793EE4-C7A6-4C8D-A6B7-6953681305BF}.Release|Any CPU.Build.0 = Release|Any CPU
	EndGlobalSection
	GlobalSection(SolutionProperties) = preSolution
		HideSolutionNode = FALSE
	EndGlobalSection
	GlobalSection(ExtensibilityGlobals) = postSolution
		SolutionGuid = {25238D76-3B3D-4028-969C-0B25B6A8915F}
	EndGlobalSection
EndGlobal
